
Microsoft Visual Studio Solution File, Format Version 12.00
# Visual Studio Version 17
VisualStudioVersion = 17.13.35919.96 d17.13
MinimumVisualStudioVersion = 10.0.40219.1
Project("{FAE04EC0-301F-11D3-BF4B-00C04F79EFBC}") = "ListViewMaui", "ListViewMaui\ListViewMaui.csproj", "{A0F8891C-61DB-4E83-B01D-C5DBCDC24308}"
EndProject
Global
	GlobalSection(SolutionConfigurationPlatforms) = preSolution
		Debug|Any CPU = Debug|Any CPU
		Release|Any CPU = Release|Any CPU
	EndGlobalSection
	GlobalSection(ProjectConfigurationPlatforms) = postSolution
		{A0F8891C-61DB-4E83-B01D-C5DBCDC24308}.Debug|Any CPU.ActiveCfg = Debug|Any CPU
		{A0F8891C-61DB-4E83-B01D-C5DBCDC24308}.Debug|Any CPU.Build.0 = Debug|Any CPU
		{A0F8891C-61DB-4E83-B01D-C5DBCDC24308}.Release|Any CPU.ActiveCfg = Release|Any CPU
		{A0F8891C-61DB-4E83-B01D-C5DBCDC24308}.Release|Any CPU.Build.0 = Release|Any CPU
	EndGlobalSection
	GlobalSection(SolutionProperties) = preSolution
		HideSolutionNode = FALSE
	EndGlobalSection
	GlobalSection(ExtensibilityGlobals) = postSolution
		SolutionGuid = {A2FF7D50-889C-4995-8279-FC57FA52BE88}
	EndGlobalSection
EndGlobal
